
Microsoft Visual Studio Solution File, Format Version 11.00
# Visual Studio 2010
Project("{FAE04EC0-301F-11D3-BF4B-00C04F79EFBC}") = "TheGrid", "Assembly-CSharp.csproj", "{66A07053-C2F9-8323-533D-F7D67A379B78}"
EndProject
Project("{FAE04EC0-301F-11D3-BF4B-00C04F79EFBC}") = "TheGrid", "Assembly-CSharp-Editor.csproj", "{6F34575C-C27E-A2BB-4ADB-53385849093C}"
EndProject
Global
	GlobalSection(SolutionConfigurationPlatforms) = preSolution
		Debug|Any CPU = Debug|Any CPU
		Release|Any CPU = Release|Any CPU
	EndGlobalSection
	GlobalSection(ProjectConfigurationPlatforms) = postSolution
		{66A07053-C2F9-8323-533D-F7D67A379B78}.Debug|Any CPU.ActiveCfg = Debug|Any CPU
		{66A07053-C2F9-8323-533D-F7D67A379B78}.Debug|Any CPU.Build.0 = Debug|Any CPU
		{66A07053-C2F9-8323-533D-F7D67A379B78}.Release|Any CPU.ActiveCfg = Release|Any CPU
		{66A07053-C2F9-8323-533D-F7D67A379B78}.Release|Any CPU.Build.0 = Release|Any CPU
		{6F34575C-C27E-A2BB-4ADB-53385849093C}.Debug|Any CPU.ActiveCfg = Debug|Any CPU
		{6F34575C-C27E-A2BB-4ADB-53385849093C}.Debug|Any CPU.Build.0 = Debug|Any CPU
		{6F34575C-C27E-A2BB-4ADB-53385849093C}.Release|Any CPU.ActiveCfg = Release|Any CPU
		{6F34575C-C27E-A2BB-4ADB-53385849093C}.Release|Any CPU.Build.0 = Release|Any CPU
	EndGlobalSection
	GlobalSection(SolutionProperties) = preSolution
		HideSolutionNode = FALSE
	EndGlobalSection
	GlobalSection(MonoDevelopProperties) = preSolution
		StartupItem = Assembly-CSharp.csproj
	EndGlobalSection
EndGlobal
